
Microsoft Visual Studio Solution File, Format Version 12.00
# Visual Studio 15
VisualStudioVersion = 15.0.26124.0
MinimumVisualStudioVersion = 15.0.26124.0
Project("{2150E333-8FDC-42A3-9474-1A3956D46DE8}") = "src", "src", "{E0F51A00-E78A-4424-B4A3-9D1B3BE6673F}"
EndProject
Project("{FAE04EC0-301F-11D3-BF4B-00C04F79EFBC}") = "CommandAPI", "src\CommandAPI\CommandAPI.csproj", "{1BBE53BD-1CF0-4E99-85B9-C8F9D6D83A66}"
EndProject
Project("{2150E333-8FDC-42A3-9474-1A3956D46DE8}") = "test", "test", "{4C6D6E8F-F85B-463D-8FE0-62121C3599F9}"
EndProject
Project("{FAE04EC0-301F-11D3-BF4B-00C04F79EFBC}") = "CommandAPI.Tests", "test\CommandAPI.Tests\CommandAPI.Tests.csproj", "{5DE1B97F-A992-4039-887B-69082704FAD7}"
EndProject
Global
	GlobalSection(SolutionConfigurationPlatforms) = preSolution
		Debug|Any CPU = Debug|Any CPU
		Debug|x64 = Debug|x64
		Debug|x86 = Debug|x86
		Release|Any CPU = Release|Any CPU
		Release|x64 = Release|x64
		Release|x86 = Release|x86
	EndGlobalSection
	GlobalSection(SolutionProperties) = preSolution
		HideSolutionNode = FALSE
	EndGlobalSection
	GlobalSection(ProjectConfigurationPlatforms) = postSolution
		{1BBE53BD-1CF0-4E99-85B9-C8F9D6D83A66}.Debug|Any CPU.ActiveCfg = Debug|Any CPU
		{1BBE53BD-1CF0-4E99-85B9-C8F9D6D83A66}.Debug|Any CPU.Build.0 = Debug|Any CPU
		{1BBE53BD-1CF0-4E99-85B9-C8F9D6D83A66}.Debug|x64.ActiveCfg = Debug|Any CPU
		{1BBE53BD-1CF0-4E99-85B9-C8F9D6D83A66}.Debug|x64.Build.0 = Debug|Any CPU
		{1BBE53BD-1CF0-4E99-85B9-C8F9D6D83A66}.Debug|x86.ActiveCfg = Debug|Any CPU
		{1BBE53BD-1CF0-4E99-85B9-C8F9D6D83A66}.Debug|x86.Build.0 = Debug|Any CPU
		{1BBE53BD-1CF0-4E99-85B9-C8F9D6D83A66}.Release|Any CPU.ActiveCfg = Release|Any CPU
		{1BBE53BD-1CF0-4E99-85B9-C8F9D6D83A66}.Release|Any CPU.Build.0 = Release|Any CPU
		{1BBE53BD-1CF0-4E99-85B9-C8F9D6D83A66}.Release|x64.ActiveCfg = Release|Any CPU
		{1BBE53BD-1CF0-4E99-85B9-C8F9D6D83A66}.Release|x64.Build.0 = Release|Any CPU
		{1BBE53BD-1CF0-4E99-85B9-C8F9D6D83A66}.Release|x86.ActiveCfg = Release|Any CPU
		{1BBE53BD-1CF0-4E99-85B9-C8F9D6D83A66}.Release|x86.Build.0 = Release|Any CPU
		{5DE1B97F-A992-4039-887B-69082704FAD7}.Debug|Any CPU.ActiveCfg = Debug|Any CPU
		{5DE1B97F-A992-4039-887B-69082704FAD7}.Debug|Any CPU.Build.0 = Debug|Any CPU
		{5DE1B97F-A992-4039-887B-69082704FAD7}.Debug|x64.ActiveCfg = Debug|Any CPU
		{5DE1B97F-A992-4039-887B-69082704FAD7}.Debug|x64.Build.0 = Debug|Any CPU
		{5DE1B97F-A992-4039-887B-69082704FAD7}.Debug|x86.ActiveCfg = Debug|Any CPU
		{5DE1B97F-A992-4039-887B-69082704FAD7}.Debug|x86.Build.0 = Debug|Any CPU
		{5DE1B97F-A992-4039-887B-69082704FAD7}.Release|Any CPU.ActiveCfg = Release|Any CPU
		{5DE1B97F-A992-4039-887B-69082704FAD7}.Release|Any CPU.Build.0 = Release|Any CPU
		{5DE1B97F-A992-4039-887B-69082704FAD7}.Release|x64.ActiveCfg = Release|Any CPU
		{5DE1B97F-A992-4039-887B-69082704FAD7}.Release|x64.Build.0 = Release|Any CPU
		{5DE1B97F-A992-4039-887B-69082704FAD7}.Release|x86.ActiveCfg = Release|Any CPU
		{5DE1B97F-A992-4039-887B-69082704FAD7}.Release|x86.Build.0 = Release|Any CPU
	EndGlobalSection
	GlobalSection(NestedProjects) = preSolution
		{1BBE53BD-1CF0-4E99-85B9-C8F9D6D83A66} = {E0F51A00-E78A-4424-B4A3-9D1B3BE6673F}
		{5DE1B97F-A992-4039-887B-69082704FAD7} = {4C6D6E8F-F85B-463D-8FE0-62121C3599F9}
	EndGlobalSection
EndGlobal
