
Microsoft Visual Studio Solution File, Format Version 12.00
# Visual Studio 15
VisualStudioVersion = 15.0.26124.0
MinimumVisualStudioVersion = 15.0.26124.0
Project("{2150E333-8FDC-42A3-9474-1A3956D46DE8}") = "src", "src", "{7676DBA8-B88F-4DCD-80A7-61FF8117797C}"
EndProject
Project("{FAE04EC0-301F-11D3-BF4B-00C04F79EFBC}") = "CommandAPI", "src\CommandAPI\CommandAPI.csproj", "{728E1862-D0E1-4D65-BED4-96C1D8734146}"
EndProject
Project("{2150E333-8FDC-42A3-9474-1A3956D46DE8}") = "test", "test", "{9569B162-3290-48BD-866E-90CB74F8EDAE}"
EndProject
Project("{FAE04EC0-301F-11D3-BF4B-00C04F79EFBC}") = "CommandAPI.Tests", "test\CommandAPI.Tests\CommandAPI.Tests.csproj", "{DA5039E4-2EA1-475E-A853-71C5E1F57E14}"
EndProject
Global
	GlobalSection(SolutionConfigurationPlatforms) = preSolution
		Debug|Any CPU = Debug|Any CPU
		Debug|x64 = Debug|x64
		Debug|x86 = Debug|x86
		Release|Any CPU = Release|Any CPU
		Release|x64 = Release|x64
		Release|x86 = Release|x86
	EndGlobalSection
	GlobalSection(SolutionProperties) = preSolution
		HideSolutionNode = FALSE
	EndGlobalSection
	GlobalSection(ProjectConfigurationPlatforms) = postSolution
		{728E1862-D0E1-4D65-BED4-96C1D8734146}.Debug|Any CPU.ActiveCfg = Debug|Any CPU
		{728E1862-D0E1-4D65-BED4-96C1D8734146}.Debug|Any CPU.Build.0 = Debug|Any CPU
		{728E1862-D0E1-4D65-BED4-96C1D8734146}.Debug|x64.ActiveCfg = Debug|Any CPU
		{728E1862-D0E1-4D65-BED4-96C1D8734146}.Debug|x64.Build.0 = Debug|Any CPU
		{728E1862-D0E1-4D65-BED4-96C1D8734146}.Debug|x86.ActiveCfg = Debug|Any CPU
		{728E1862-D0E1-4D65-BED4-96C1D8734146}.Debug|x86.Build.0 = Debug|Any CPU
		{728E1862-D0E1-4D65-BED4-96C1D8734146}.Release|Any CPU.ActiveCfg = Release|Any CPU
		{728E1862-D0E1-4D65-BED4-96C1D8734146}.Release|Any CPU.Build.0 = Release|Any CPU
		{728E1862-D0E1-4D65-BED4-96C1D8734146}.Release|x64.ActiveCfg = Release|Any CPU
		{728E1862-D0E1-4D65-BED4-96C1D8734146}.Release|x64.Build.0 = Release|Any CPU
		{728E1862-D0E1-4D65-BED4-96C1D8734146}.Release|x86.ActiveCfg = Release|Any CPU
		{728E1862-D0E1-4D65-BED4-96C1D8734146}.Release|x86.Build.0 = Release|Any CPU
		{DA5039E4-2EA1-475E-A853-71C5E1F57E14}.Debug|Any CPU.ActiveCfg = Debug|Any CPU
		{DA5039E4-2EA1-475E-A853-71C5E1F57E14}.Debug|Any CPU.Build.0 = Debug|Any CPU
		{DA5039E4-2EA1-475E-A853-71C5E1F57E14}.Debug|x64.ActiveCfg = Debug|Any CPU
		{DA5039E4-2EA1-475E-A853-71C5E1F57E14}.Debug|x64.Build.0 = Debug|Any CPU
		{DA5039E4-2EA1-475E-A853-71C5E1F57E14}.Debug|x86.ActiveCfg = Debug|Any CPU
		{DA5039E4-2EA1-475E-A853-71C5E1F57E14}.Debug|x86.Build.0 = Debug|Any CPU
		{DA5039E4-2EA1-475E-A853-71C5E1F57E14}.Release|Any CPU.ActiveCfg = Release|Any CPU
		{DA5039E4-2EA1-475E-A853-71C5E1F57E14}.Release|Any CPU.Build.0 = Release|Any CPU
		{DA5039E4-2EA1-475E-A853-71C5E1F57E14}.Release|x64.ActiveCfg = Release|Any CPU
		{DA5039E4-2EA1-475E-A853-71C5E1F57E14}.Release|x64.Build.0 = Release|Any CPU
		{DA5039E4-2EA1-475E-A853-71C5E1F57E14}.Release|x86.ActiveCfg = Release|Any CPU
		{DA5039E4-2EA1-475E-A853-71C5E1F57E14}.Release|x86.Build.0 = Release|Any CPU
	EndGlobalSection
	GlobalSection(NestedProjects) = preSolution
		{728E1862-D0E1-4D65-BED4-96C1D8734146} = {7676DBA8-B88F-4DCD-80A7-61FF8117797C}
		{DA5039E4-2EA1-475E-A853-71C5E1F57E14} = {9569B162-3290-48BD-866E-90CB74F8EDAE}
	EndGlobalSection
EndGlobal
