
Microsoft Visual Studio Solution File, Format Version 12.00
# Visual Studio 15
VisualStudioVersion = 15.0.26124.0
MinimumVisualStudioVersion = 15.0.26124.0
Project("{2150E333-8FDC-42A3-9474-1A3956D46DE8}") = "src", "src", "{E4F7FE2C-15FA-4D8C-951D-CBF6B1A3E831}"
EndProject
Project("{FAE04EC0-301F-11D3-BF4B-00C04F79EFBC}") = "CommandAPI", "src\CommandAPI\CommandAPI.csproj", "{63A599AC-F279-4456-9F28-C7B0F8C74DD8}"
EndProject
Project("{2150E333-8FDC-42A3-9474-1A3956D46DE8}") = "test", "test", "{3F78F55F-C7E3-4BA8-B32E-FC0C811615A2}"
EndProject
Project("{FAE04EC0-301F-11D3-BF4B-00C04F79EFBC}") = "CommandAPI.Tests", "test\CommandAPI.Tests\CommandAPI.Tests.csproj", "{C32950BF-5052-4AF1-B7A3-71922EB20002}"
EndProject
Global
	GlobalSection(SolutionConfigurationPlatforms) = preSolution
		Debug|Any CPU = Debug|Any CPU
		Debug|x64 = Debug|x64
		Debug|x86 = Debug|x86
		Release|Any CPU = Release|Any CPU
		Release|x64 = Release|x64
		Release|x86 = Release|x86
	EndGlobalSection
	GlobalSection(SolutionProperties) = preSolution
		HideSolutionNode = FALSE
	EndGlobalSection
	GlobalSection(ProjectConfigurationPlatforms) = postSolution
		{63A599AC-F279-4456-9F28-C7B0F8C74DD8}.Debug|Any CPU.ActiveCfg = Debug|Any CPU
		{63A599AC-F279-4456-9F28-C7B0F8C74DD8}.Debug|Any CPU.Build.0 = Debug|Any CPU
		{63A599AC-F279-4456-9F28-C7B0F8C74DD8}.Debug|x64.ActiveCfg = Debug|Any CPU
		{63A599AC-F279-4456-9F28-C7B0F8C74DD8}.Debug|x64.Build.0 = Debug|Any CPU
		{63A599AC-F279-4456-9F28-C7B0F8C74DD8}.Debug|x86.ActiveCfg = Debug|Any CPU
		{63A599AC-F279-4456-9F28-C7B0F8C74DD8}.Debug|x86.Build.0 = Debug|Any CPU
		{63A599AC-F279-4456-9F28-C7B0F8C74DD8}.Release|Any CPU.ActiveCfg = Release|Any CPU
		{63A599AC-F279-4456-9F28-C7B0F8C74DD8}.Release|Any CPU.Build.0 = Release|Any CPU
		{63A599AC-F279-4456-9F28-C7B0F8C74DD8}.Release|x64.ActiveCfg = Release|Any CPU
		{63A599AC-F279-4456-9F28-C7B0F8C74DD8}.Release|x64.Build.0 = Release|Any CPU
		{63A599AC-F279-4456-9F28-C7B0F8C74DD8}.Release|x86.ActiveCfg = Release|Any CPU
		{63A599AC-F279-4456-9F28-C7B0F8C74DD8}.Release|x86.Build.0 = Release|Any CPU
		{C32950BF-5052-4AF1-B7A3-71922EB20002}.Debug|Any CPU.ActiveCfg = Debug|Any CPU
		{C32950BF-5052-4AF1-B7A3-71922EB20002}.Debug|Any CPU.Build.0 = Debug|Any CPU
		{C32950BF-5052-4AF1-B7A3-71922EB20002}.Debug|x64.ActiveCfg = Debug|Any CPU
		{C32950BF-5052-4AF1-B7A3-71922EB20002}.Debug|x64.Build.0 = Debug|Any CPU
		{C32950BF-5052-4AF1-B7A3-71922EB20002}.Debug|x86.ActiveCfg = Debug|Any CPU
		{C32950BF-5052-4AF1-B7A3-71922EB20002}.Debug|x86.Build.0 = Debug|Any CPU
		{C32950BF-5052-4AF1-B7A3-71922EB20002}.Release|Any CPU.ActiveCfg = Release|Any CPU
		{C32950BF-5052-4AF1-B7A3-71922EB20002}.Release|Any CPU.Build.0 = Release|Any CPU
		{C32950BF-5052-4AF1-B7A3-71922EB20002}.Release|x64.ActiveCfg = Release|Any CPU
		{C32950BF-5052-4AF1-B7A3-71922EB20002}.Release|x64.Build.0 = Release|Any CPU
		{C32950BF-5052-4AF1-B7A3-71922EB20002}.Release|x86.ActiveCfg = Release|Any CPU
		{C32950BF-5052-4AF1-B7A3-71922EB20002}.Release|x86.Build.0 = Release|Any CPU
	EndGlobalSection
	GlobalSection(NestedProjects) = preSolution
		{63A599AC-F279-4456-9F28-C7B0F8C74DD8} = {E4F7FE2C-15FA-4D8C-951D-CBF6B1A3E831}
		{C32950BF-5052-4AF1-B7A3-71922EB20002} = {3F78F55F-C7E3-4BA8-B32E-FC0C811615A2}
	EndGlobalSection
EndGlobal
